
Microsoft Visual Studio Solution File, Format Version 12.00
# Visual Studio 15
VisualStudioVersion = 15.0.27428.2037
MinimumVisualStudioVersion = 10.0.40219.1
Project("{FAE04EC0-301F-11D3-BF4B-00C04F79EFBC}") = "SolarBodies", "SolarBodies\SolarBodies.csproj", "{A9807E15-43A4-4FFD-ADB1-D819A5C3759F}"
EndProject
Global
	GlobalSection(SolutionConfigurationPlatforms) = preSolution
		Debug|Any CPU = Debug|Any CPU
		Release|Any CPU = Release|Any CPU
	EndGlobalSection
	GlobalSection(ProjectConfigurationPlatforms) = postSolution
		{A9807E15-43A4-4FFD-ADB1-D819A5C3759F}.Debug|Any CPU.ActiveCfg = Debug|Any CPU
		{A9807E15-43A4-4FFD-ADB1-D819A5C3759F}.Debug|Any CPU.Build.0 = Debug|Any CPU
		{A9807E15-43A4-4FFD-ADB1-D819A5C3759F}.Release|Any CPU.ActiveCfg = Release|Any CPU
		{A9807E15-43A4-4FFD-ADB1-D819A5C3759F}.Release|Any CPU.Build.0 = Release|Any CPU
	EndGlobalSection
	GlobalSection(SolutionProperties) = preSolution
		HideSolutionNode = FALSE
	EndGlobalSection
	GlobalSection(ExtensibilityGlobals) = postSolution
		SolutionGuid = {C8805155-3366-4CD7-94AE-25662BD8CB1C}
	EndGlobalSection
EndGlobal
